
Microsoft Visual Studio Solution File, Format Version 12.00
# Visual Studio 2013
VisualStudioVersion = 12.0.21005.1
MinimumVisualStudioVersion = 10.0.40219.1
Project("{FAE04EC0-301F-11D3-BF4B-00C04F79EFBC}") = "YoupRepository", "YoupRepository\YoupRepository.csproj", "{599878DD-D333-4E21-B764-409A5790BCF1}"
EndProject
Project("{FAE04EC0-301F-11D3-BF4B-00C04F79EFBC}") = "YoupService", "YoupService\YoupService.csproj", "{F2D0D5E2-2867-419B-9E69-5141FDDF42C2}"
EndProject
Project("{FAE04EC0-301F-11D3-BF4B-00C04F79EFBC}") = "YoupFo", "YoupFo\YoupFo.csproj", "{2B8821EC-398D-48D3-990F-FE9B56ECD78C}"
	ProjectSection(ProjectDependencies) = postProject
		{F2D0D5E2-2867-419B-9E69-5141FDDF42C2} = {F2D0D5E2-2867-419B-9E69-5141FDDF42C2}
	EndProjectSection
EndProject
Project("{FAE04EC0-301F-11D3-BF4B-00C04F79EFBC}") = "YoupFo.Tests", "YoupFo.Tests\YoupFo.Tests.csproj", "{E4D75A42-DCC4-4E82-B14B-963CC68BBF3F}"
EndProject
Global
	GlobalSection(TeamFoundationVersionControl) = preSolution
		SccNumberOfProjects = 5
		SccEnterpriseProvider = {4CA58AB2-18FA-4F8D-95D4-32DDF27D184C}
		SccTeamFoundationServer = https://beltrami-daniel.visualstudio.com/defaultcollection
		SccLocalPath0 = .
		SccProjectUniqueName1 = YoupRepository\\YoupRepository.csproj
		SccProjectName1 = YoupRepository
		SccLocalPath1 = YoupRepository
		SccProjectUniqueName2 = YoupService\\YoupService.csproj
		SccProjectName2 = YoupService
		SccLocalPath2 = YoupService
		SccProjectUniqueName3 = YoupFo\\YoupFo.csproj
		SccProjectName3 = YoupFo
		SccLocalPath3 = YoupFo
		SccProjectUniqueName4 = YoupFo.Tests\\YoupFo.Tests.csproj
		SccProjectName4 = YoupFo.Tests
		SccLocalPath4 = YoupFo.Tests
	EndGlobalSection
	GlobalSection(SolutionConfigurationPlatforms) = preSolution
		Debug|Any CPU = Debug|Any CPU
		Release|Any CPU = Release|Any CPU
	EndGlobalSection
	GlobalSection(ProjectConfigurationPlatforms) = postSolution
		{599878DD-D333-4E21-B764-409A5790BCF1}.Debug|Any CPU.ActiveCfg = Debug|Any CPU
		{599878DD-D333-4E21-B764-409A5790BCF1}.Debug|Any CPU.Build.0 = Debug|Any CPU
		{599878DD-D333-4E21-B764-409A5790BCF1}.Release|Any CPU.ActiveCfg = Release|Any CPU
		{599878DD-D333-4E21-B764-409A5790BCF1}.Release|Any CPU.Build.0 = Release|Any CPU
		{F2D0D5E2-2867-419B-9E69-5141FDDF42C2}.Debug|Any CPU.ActiveCfg = Debug|Any CPU
		{F2D0D5E2-2867-419B-9E69-5141FDDF42C2}.Debug|Any CPU.Build.0 = Debug|Any CPU
		{F2D0D5E2-2867-419B-9E69-5141FDDF42C2}.Release|Any CPU.ActiveCfg = Release|Any CPU
		{F2D0D5E2-2867-419B-9E69-5141FDDF42C2}.Release|Any CPU.Build.0 = Release|Any CPU
		{2B8821EC-398D-48D3-990F-FE9B56ECD78C}.Debug|Any CPU.ActiveCfg = Debug|Any CPU
		{2B8821EC-398D-48D3-990F-FE9B56ECD78C}.Debug|Any CPU.Build.0 = Debug|Any CPU
		{2B8821EC-398D-48D3-990F-FE9B56ECD78C}.Release|Any CPU.ActiveCfg = Release|Any CPU
		{2B8821EC-398D-48D3-990F-FE9B56ECD78C}.Release|Any CPU.Build.0 = Release|Any CPU
		{E4D75A42-DCC4-4E82-B14B-963CC68BBF3F}.Debug|Any CPU.ActiveCfg = Debug|Any CPU
		{E4D75A42-DCC4-4E82-B14B-963CC68BBF3F}.Debug|Any CPU.Build.0 = Debug|Any CPU
		{E4D75A42-DCC4-4E82-B14B-963CC68BBF3F}.Release|Any CPU.ActiveCfg = Release|Any CPU
		{E4D75A42-DCC4-4E82-B14B-963CC68BBF3F}.Release|Any CPU.Build.0 = Release|Any CPU
	EndGlobalSection
	GlobalSection(SolutionProperties) = preSolution
		HideSolutionNode = FALSE
	EndGlobalSection
EndGlobal
