
Microsoft Visual Studio Solution File, Format Version 12.00
# Visual Studio 2012
Project("{FAE04EC0-301F-11D3-BF4B-00C04F79EFBC}") = "Youpe.web", "Youpe.web\Youpe.web.csproj", "{9B8BF380-7F42-4F02-8107-2C03CA88527C}"
EndProject
Project("{2150E333-8FDC-42A3-9474-1A3956D46DE8}") = ".nuget", ".nuget", "{3BD9EDB2-559A-454B-97FA-F4586E9D1C71}"
	ProjectSection(SolutionItems) = preProject
		.nuget\NuGet.Config = .nuget\NuGet.Config
		.nuget\NuGet.exe = .nuget\NuGet.exe
		.nuget\NuGet.targets = .nuget\NuGet.targets
	EndProjectSection
EndProject
Project("{FAE04EC0-301F-11D3-BF4B-00C04F79EFBC}") = "Youpe.data", "Youpe.data\Youpe.data.csproj", "{A4CB194B-8070-48BC-B2BD-0F943F51EC49}"
EndProject
Project("{FAE04EC0-301F-11D3-BF4B-00C04F79EFBC}") = "Youpe.search", "Youpe.search\Youpe.search.csproj", "{CB26BA67-67A4-4A0A-8E57-18BB95C7A7D2}"
EndProject
Global
	GlobalSection(TeamFoundationVersionControl) = preSolution
		SccNumberOfProjects = 4
		SccEnterpriseProvider = {4CA58AB2-18FA-4F8D-95D4-32DDF27D184C}
		SccTeamFoundationServer = https://william0707.visualstudio.com/defaultcollection
		SccLocalPath0 = .
		SccProjectUniqueName1 = Youpe.web\\Youpe.web.csproj
		SccProjectName1 = Youpe.web
		SccLocalPath1 = Youpe.web
		SccProjectUniqueName2 = Youpe.data\\Youpe.data.csproj
		SccProjectName2 = Youpe.data
		SccLocalPath2 = Youpe.data
		SccProjectUniqueName3 = Youpe.search\\Youpe.search.csproj
		SccProjectName3 = Youpe.search
		SccLocalPath3 = Youpe.search
	EndGlobalSection
	GlobalSection(SolutionConfigurationPlatforms) = preSolution
		Debug|Any CPU = Debug|Any CPU
		Release|Any CPU = Release|Any CPU
	EndGlobalSection
	GlobalSection(ProjectConfigurationPlatforms) = postSolution
		{9B8BF380-7F42-4F02-8107-2C03CA88527C}.Debug|Any CPU.ActiveCfg = Debug|Any CPU
		{9B8BF380-7F42-4F02-8107-2C03CA88527C}.Debug|Any CPU.Build.0 = Debug|Any CPU
		{9B8BF380-7F42-4F02-8107-2C03CA88527C}.Release|Any CPU.ActiveCfg = Release|Any CPU
		{9B8BF380-7F42-4F02-8107-2C03CA88527C}.Release|Any CPU.Build.0 = Release|Any CPU
		{A4CB194B-8070-48BC-B2BD-0F943F51EC49}.Debug|Any CPU.ActiveCfg = Debug|Any CPU
		{A4CB194B-8070-48BC-B2BD-0F943F51EC49}.Debug|Any CPU.Build.0 = Debug|Any CPU
		{A4CB194B-8070-48BC-B2BD-0F943F51EC49}.Release|Any CPU.ActiveCfg = Release|Any CPU
		{A4CB194B-8070-48BC-B2BD-0F943F51EC49}.Release|Any CPU.Build.0 = Release|Any CPU
		{CB26BA67-67A4-4A0A-8E57-18BB95C7A7D2}.Debug|Any CPU.ActiveCfg = Debug|Any CPU
		{CB26BA67-67A4-4A0A-8E57-18BB95C7A7D2}.Debug|Any CPU.Build.0 = Debug|Any CPU
		{CB26BA67-67A4-4A0A-8E57-18BB95C7A7D2}.Release|Any CPU.ActiveCfg = Release|Any CPU
		{CB26BA67-67A4-4A0A-8E57-18BB95C7A7D2}.Release|Any CPU.Build.0 = Release|Any CPU
	EndGlobalSection
	GlobalSection(SolutionProperties) = preSolution
		HideSolutionNode = FALSE
	EndGlobalSection
EndGlobal
