
Microsoft Visual Studio Solution File, Format Version 12.00
# Visual Studio 2013
VisualStudioVersion = 12.0.30110.0
MinimumVisualStudioVersion = 10.0.40219.1
Project("{FAE04EC0-301F-11D3-BF4B-00C04F79EFBC}") = "YoupRepository", "YoupRepository\YoupRepository.csproj", "{13BC9A09-8812-47A3-9F8D-77B8E7B2C6C8}"
EndProject
Project("{FAE04EC0-301F-11D3-BF4B-00C04F79EFBC}") = "YoupService", "YoupService\YoupService.csproj", "{017D492A-4155-4679-AC47-259163172FCA}"
EndProject
Project("{FAE04EC0-301F-11D3-BF4B-00C04F79EFBC}") = "YoupFO", "YoupFO\YoupFO.csproj", "{08360D7D-1D2A-4E82-B296-8BDBEA8E0F2B}"
EndProject
Project("{FAE04EC0-301F-11D3-BF4B-00C04F79EFBC}") = "YoupSearchModule.Tests", "SearchModuleProject\SearchModuleTester\YoupSearchModule.Tests.csproj", "{3F7DAFE3-E992-4109-AB90-7930D86B2DB1}"
EndProject
Project("{FAE04EC0-301F-11D3-BF4B-00C04F79EFBC}") = "YoupSearchModule", "YoupSearchModule\YoupSearchModule.csproj", "{BFB3098D-07D2-4E37-96C4-FE6D57D3B079}"
EndProject
Project("{FAE04EC0-301F-11D3-BF4B-00C04F79EFBC}") = "SearchModuleAPI", "SearchModuleAPI\SearchModuleAPI.csproj", "{03B34870-3E90-48E4-9A14-F10A339C5F9A}"
EndProject
Global
	GlobalSection(SolutionConfigurationPlatforms) = preSolution
		Debug|Any CPU = Debug|Any CPU
		Release|Any CPU = Release|Any CPU
	EndGlobalSection
	GlobalSection(ProjectConfigurationPlatforms) = postSolution
		{13BC9A09-8812-47A3-9F8D-77B8E7B2C6C8}.Debug|Any CPU.ActiveCfg = Debug|Any CPU
		{13BC9A09-8812-47A3-9F8D-77B8E7B2C6C8}.Debug|Any CPU.Build.0 = Debug|Any CPU
		{13BC9A09-8812-47A3-9F8D-77B8E7B2C6C8}.Release|Any CPU.ActiveCfg = Release|Any CPU
		{13BC9A09-8812-47A3-9F8D-77B8E7B2C6C8}.Release|Any CPU.Build.0 = Release|Any CPU
		{017D492A-4155-4679-AC47-259163172FCA}.Debug|Any CPU.ActiveCfg = Debug|Any CPU
		{017D492A-4155-4679-AC47-259163172FCA}.Debug|Any CPU.Build.0 = Debug|Any CPU
		{017D492A-4155-4679-AC47-259163172FCA}.Release|Any CPU.ActiveCfg = Release|Any CPU
		{017D492A-4155-4679-AC47-259163172FCA}.Release|Any CPU.Build.0 = Release|Any CPU
		{08360D7D-1D2A-4E82-B296-8BDBEA8E0F2B}.Debug|Any CPU.ActiveCfg = Debug|Any CPU
		{08360D7D-1D2A-4E82-B296-8BDBEA8E0F2B}.Debug|Any CPU.Build.0 = Debug|Any CPU
		{08360D7D-1D2A-4E82-B296-8BDBEA8E0F2B}.Release|Any CPU.ActiveCfg = Release|Any CPU
		{08360D7D-1D2A-4E82-B296-8BDBEA8E0F2B}.Release|Any CPU.Build.0 = Release|Any CPU
		{3F7DAFE3-E992-4109-AB90-7930D86B2DB1}.Debug|Any CPU.ActiveCfg = Debug|Any CPU
		{3F7DAFE3-E992-4109-AB90-7930D86B2DB1}.Release|Any CPU.ActiveCfg = Release|Any CPU
		{3F7DAFE3-E992-4109-AB90-7930D86B2DB1}.Release|Any CPU.Build.0 = Release|Any CPU
		{BFB3098D-07D2-4E37-96C4-FE6D57D3B079}.Debug|Any CPU.ActiveCfg = Debug|Any CPU
		{BFB3098D-07D2-4E37-96C4-FE6D57D3B079}.Release|Any CPU.ActiveCfg = Release|Any CPU
		{BFB3098D-07D2-4E37-96C4-FE6D57D3B079}.Release|Any CPU.Build.0 = Release|Any CPU
		{03B34870-3E90-48E4-9A14-F10A339C5F9A}.Debug|Any CPU.ActiveCfg = Debug|Any CPU
		{03B34870-3E90-48E4-9A14-F10A339C5F9A}.Debug|Any CPU.Build.0 = Debug|Any CPU
		{03B34870-3E90-48E4-9A14-F10A339C5F9A}.Release|Any CPU.ActiveCfg = Release|Any CPU
		{03B34870-3E90-48E4-9A14-F10A339C5F9A}.Release|Any CPU.Build.0 = Release|Any CPU
	EndGlobalSection
	GlobalSection(SolutionProperties) = preSolution
		HideSolutionNode = FALSE
	EndGlobalSection
EndGlobal
