
Microsoft Visual Studio Solution File, Format Version 12.00
# Visual Studio 2013
VisualStudioVersion = 12.0.21005.1
MinimumVisualStudioVersion = 10.0.40219.1
Project("{FAE04EC0-301F-11D3-BF4B-00C04F79EFBC}") = "FrontOffice", "FrontOffice\FrontOffice.csproj", "{497E0E23-92C9-45C9-9521-81CBE42D5059}"
EndProject
Project("{FAE04EC0-301F-11D3-BF4B-00C04F79EFBC}") = "YoupService", "YoupService\YoupService.csproj", "{FEBE3B42-D0DA-4FBF-BDE9-1487B3946342}"
EndProject
Project("{FAE04EC0-301F-11D3-BF4B-00C04F79EFBC}") = "YoupRepository", "YoupRepositoryTest\YoupRepository.csproj", "{05E53704-2D1E-4205-B4F7-F301565E64BD}"
EndProject
Global
	GlobalSection(SolutionConfigurationPlatforms) = preSolution
		Debug|Any CPU = Debug|Any CPU
		Release|Any CPU = Release|Any CPU
	EndGlobalSection
	GlobalSection(ProjectConfigurationPlatforms) = postSolution
		{497E0E23-92C9-45C9-9521-81CBE42D5059}.Debug|Any CPU.ActiveCfg = Debug|Any CPU
		{497E0E23-92C9-45C9-9521-81CBE42D5059}.Debug|Any CPU.Build.0 = Debug|Any CPU
		{497E0E23-92C9-45C9-9521-81CBE42D5059}.Release|Any CPU.ActiveCfg = Release|Any CPU
		{497E0E23-92C9-45C9-9521-81CBE42D5059}.Release|Any CPU.Build.0 = Release|Any CPU
		{FEBE3B42-D0DA-4FBF-BDE9-1487B3946342}.Debug|Any CPU.ActiveCfg = Debug|Any CPU
		{FEBE3B42-D0DA-4FBF-BDE9-1487B3946342}.Debug|Any CPU.Build.0 = Debug|Any CPU
		{FEBE3B42-D0DA-4FBF-BDE9-1487B3946342}.Release|Any CPU.ActiveCfg = Release|Any CPU
		{FEBE3B42-D0DA-4FBF-BDE9-1487B3946342}.Release|Any CPU.Build.0 = Release|Any CPU
		{05E53704-2D1E-4205-B4F7-F301565E64BD}.Debug|Any CPU.ActiveCfg = Debug|Any CPU
		{05E53704-2D1E-4205-B4F7-F301565E64BD}.Debug|Any CPU.Build.0 = Debug|Any CPU
		{05E53704-2D1E-4205-B4F7-F301565E64BD}.Release|Any CPU.ActiveCfg = Release|Any CPU
		{05E53704-2D1E-4205-B4F7-F301565E64BD}.Release|Any CPU.Build.0 = Release|Any CPU
	EndGlobalSection
	GlobalSection(SolutionProperties) = preSolution
		HideSolutionNode = FALSE
	EndGlobalSection
EndGlobal
